
Microsoft Visual Studio Solution File, Format Version 12.00
# Visual Studio Version 17
VisualStudioVersion = 17.3.32929.385
MinimumVisualStudioVersion = 10.0.40219.1
Project("{FAE04EC0-301F-11D3-BF4B-00C04F79EFBC}") = "jokubui uzd", "jokubui uzd.csproj", "{6ED07171-941F-4ED9-806B-B59DB7697AFD}"
EndProject
Global
	GlobalSection(SolutionConfigurationPlatforms) = preSolution
		Debug|Any CPU = Debug|Any CPU
		Release|Any CPU = Release|Any CPU
	EndGlobalSection
	GlobalSection(ProjectConfigurationPlatforms) = postSolution
		{6ED07171-941F-4ED9-806B-B59DB7697AFD}.Debug|Any CPU.ActiveCfg = Debug|Any CPU
		{6ED07171-941F-4ED9-806B-B59DB7697AFD}.Debug|Any CPU.Build.0 = Debug|Any CPU
		{6ED07171-941F-4ED9-806B-B59DB7697AFD}.Release|Any CPU.ActiveCfg = Release|Any CPU
		{6ED07171-941F-4ED9-806B-B59DB7697AFD}.Release|Any CPU.Build.0 = Release|Any CPU
	EndGlobalSection
	GlobalSection(SolutionProperties) = preSolution
		HideSolutionNode = FALSE
	EndGlobalSection
	GlobalSection(ExtensibilityGlobals) = postSolution
		SolutionGuid = {CBAE4BC9-A369-4A8F-BE69-AFD1011C8B1A}
	EndGlobalSection
EndGlobal
